
Microsoft Visual Studio Solution File, Format Version 12.00
# Visual Studio Version 17
VisualStudioVersion = 17.1.32210.238
MinimumVisualStudioVersion = 10.0.40219.1
Project("{9A19103F-16F7-4668-BE54-9A1E7A4F7556}") = "FpsRollbackNetcode", "FpsRollbackNetcode\FpsRollbackNetcode.csproj", "{3099ECFD-7C6A-4D95-8EB5-A8E8C38E6369}"
EndProject
Project("{2150E333-8FDC-42A3-9474-1A3956D46DE8}") = "Solution Items", "Solution Items", "{74A5EF82-15F1-4352-9E2A-02A51429CAD4}"
	ProjectSection(SolutionItems) = preProject
		.editorconfig = .editorconfig
	EndProjectSection
EndProject
Project("{9A19103F-16F7-4668-BE54-9A1E7A4F7556}") = "Tests", "Tests\Tests.csproj", "{F68E3890-7EF0-4E22-8A18-9BCFB015C55B}"
EndProject
Project("{FAE04EC0-301F-11D3-BF4B-00C04F79EFBC}") = "GameLogic", "GameLogic\GameLogic.csproj", "{3B97B18F-37E8-4BB7-ADCD-577FDD00E81F}"
EndProject
Global
	GlobalSection(SolutionConfigurationPlatforms) = preSolution
		Debug|Any CPU = Debug|Any CPU
		Release|Any CPU = Release|Any CPU
	EndGlobalSection
	GlobalSection(ProjectConfigurationPlatforms) = postSolution
		{3099ECFD-7C6A-4D95-8EB5-A8E8C38E6369}.Debug|Any CPU.ActiveCfg = Debug|Any CPU
		{3099ECFD-7C6A-4D95-8EB5-A8E8C38E6369}.Debug|Any CPU.Build.0 = Debug|Any CPU
		{3099ECFD-7C6A-4D95-8EB5-A8E8C38E6369}.Release|Any CPU.ActiveCfg = Release|Any CPU
		{3099ECFD-7C6A-4D95-8EB5-A8E8C38E6369}.Release|Any CPU.Build.0 = Release|Any CPU
		{F68E3890-7EF0-4E22-8A18-9BCFB015C55B}.Debug|Any CPU.ActiveCfg = Debug|Any CPU
		{F68E3890-7EF0-4E22-8A18-9BCFB015C55B}.Debug|Any CPU.Build.0 = Debug|Any CPU
		{F68E3890-7EF0-4E22-8A18-9BCFB015C55B}.Release|Any CPU.ActiveCfg = Release|Any CPU
		{F68E3890-7EF0-4E22-8A18-9BCFB015C55B}.Release|Any CPU.Build.0 = Release|Any CPU
		{3B97B18F-37E8-4BB7-ADCD-577FDD00E81F}.Debug|Any CPU.ActiveCfg = Debug|Any CPU
		{3B97B18F-37E8-4BB7-ADCD-577FDD00E81F}.Debug|Any CPU.Build.0 = Debug|Any CPU
		{3B97B18F-37E8-4BB7-ADCD-577FDD00E81F}.Release|Any CPU.ActiveCfg = Release|Any CPU
		{3B97B18F-37E8-4BB7-ADCD-577FDD00E81F}.Release|Any CPU.Build.0 = Release|Any CPU
	EndGlobalSection
	GlobalSection(SolutionProperties) = preSolution
		HideSolutionNode = FALSE
	EndGlobalSection
	GlobalSection(ExtensibilityGlobals) = postSolution
		SolutionGuid = {5DAE78AB-3A5B-4FD4-A11E-F9B71469F522}
	EndGlobalSection
EndGlobal
